
Microsoft Visual Studio Solution File, Format Version 12.00
# Visual Studio Version 17
VisualStudioVersion = 17.1.32210.238
MinimumVisualStudioVersion = 10.0.40219.1
Project("{8BC9CEB8-8B4A-11D0-8D11-00A0C91BC942}") = "trainlist8", "trainlist8.vcxproj", "{C59D17D9-7E47-4585-AFB3-7A60698EF662}"
EndProject
Global
	GlobalSection(SolutionConfigurationPlatforms) = preSolution
		Debug|x86 = Debug|x86
		Release|x86 = Release|x86
	EndGlobalSection
	GlobalSection(ProjectConfigurationPlatforms) = postSolution
		{C59D17D9-7E47-4585-AFB3-7A60698EF662}.Debug|x86.ActiveCfg = Debug|Win32
		{C59D17D9-7E47-4585-AFB3-7A60698EF662}.Debug|x86.Build.0 = Debug|Win32
		{C59D17D9-7E47-4585-AFB3-7A60698EF662}.Release|x86.ActiveCfg = Release|Win32
		{C59D17D9-7E47-4585-AFB3-7A60698EF662}.Release|x86.Build.0 = Release|Win32
	EndGlobalSection
	GlobalSection(SolutionProperties) = preSolution
		HideSolutionNode = FALSE
	EndGlobalSection
	GlobalSection(ExtensibilityGlobals) = postSolution
		SolutionGuid = {CF0A3F01-38FA-4CEF-B026-E25610BBC4AC}
	EndGlobalSection
EndGlobal
